
Microsoft Visual Studio Solution File, Format Version 12.00
Project("{FAE04EC0-301F-11D3-BF4B-00C04F79EFBC}") = "Synesthesia.Engine", "Synesthesia.Engine\Synesthesia.Engine.csproj", "{95789639-0547-4DEF-A920-2ADA61012543}"
EndProject
Project("{FAE04EC0-301F-11D3-BF4B-00C04F79EFBC}") = "Synesthesia.Common", "Synesthesia.Common\Synesthesia.Common.csproj", "{967F743C-F2B0-4D26-BE85-63A42CC00C39}"
EndProject
Project("{FAE04EC0-301F-11D3-BF4B-00C04F79EFBC}") = "Synesthesia.Tests", "Synesthesia.Tests\Synesthesia.Tests.csproj", "{E49EA246-3092-45D0-AD13-7E7019309612}"
EndProject
Project("{FAE04EC0-301F-11D3-BF4B-00C04F79EFBC}") = "Synesthesia.Demo", "Synesthesia.Demo\Synesthesia.Demo.csproj", "{EB636F6B-3AB5-46F5-AE04-F143D06CAF3B}"
EndProject
Project("{FAE04EC0-301F-11D3-BF4B-00C04F79EFBC}") = "Synesthesia.Resources", "Synesthesia.Resources\Synesthesia.Resources.csproj", "{A6641A68-A720-41F5-B8C4-67C051E24A49}"
EndProject
Global
	GlobalSection(SolutionConfigurationPlatforms) = preSolution
		Debug|Any CPU = Debug|Any CPU
		Release|Any CPU = Release|Any CPU
	EndGlobalSection
	GlobalSection(ProjectConfigurationPlatforms) = postSolution
		{95789639-0547-4DEF-A920-2ADA61012543}.Debug|Any CPU.ActiveCfg = Debug|Any CPU
		{95789639-0547-4DEF-A920-2ADA61012543}.Debug|Any CPU.Build.0 = Debug|Any CPU
		{95789639-0547-4DEF-A920-2ADA61012543}.Release|Any CPU.ActiveCfg = Release|Any CPU
		{95789639-0547-4DEF-A920-2ADA61012543}.Release|Any CPU.Build.0 = Release|Any CPU
		{967F743C-F2B0-4D26-BE85-63A42CC00C39}.Debug|Any CPU.ActiveCfg = Debug|Any CPU
		{967F743C-F2B0-4D26-BE85-63A42CC00C39}.Debug|Any CPU.Build.0 = Debug|Any CPU
		{967F743C-F2B0-4D26-BE85-63A42CC00C39}.Release|Any CPU.ActiveCfg = Release|Any CPU
		{967F743C-F2B0-4D26-BE85-63A42CC00C39}.Release|Any CPU.Build.0 = Release|Any CPU
		{E49EA246-3092-45D0-AD13-7E7019309612}.Debug|Any CPU.ActiveCfg = Debug|Any CPU
		{E49EA246-3092-45D0-AD13-7E7019309612}.Debug|Any CPU.Build.0 = Debug|Any CPU
		{E49EA246-3092-45D0-AD13-7E7019309612}.Release|Any CPU.ActiveCfg = Release|Any CPU
		{E49EA246-3092-45D0-AD13-7E7019309612}.Release|Any CPU.Build.0 = Release|Any CPU
		{EB636F6B-3AB5-46F5-AE04-F143D06CAF3B}.Debug|Any CPU.ActiveCfg = Debug|Any CPU
		{EB636F6B-3AB5-46F5-AE04-F143D06CAF3B}.Debug|Any CPU.Build.0 = Debug|Any CPU
		{EB636F6B-3AB5-46F5-AE04-F143D06CAF3B}.Release|Any CPU.ActiveCfg = Release|Any CPU
		{EB636F6B-3AB5-46F5-AE04-F143D06CAF3B}.Release|Any CPU.Build.0 = Release|Any CPU
		{A6641A68-A720-41F5-B8C4-67C051E24A49}.Debug|Any CPU.ActiveCfg = Debug|Any CPU
		{A6641A68-A720-41F5-B8C4-67C051E24A49}.Debug|Any CPU.Build.0 = Debug|Any CPU
		{A6641A68-A720-41F5-B8C4-67C051E24A49}.Release|Any CPU.ActiveCfg = Release|Any CPU
		{A6641A68-A720-41F5-B8C4-67C051E24A49}.Release|Any CPU.Build.0 = Release|Any CPU
	EndGlobalSection
EndGlobal
